// !$*UTF8*$!
{
	archiveVersion = 1;
	classes = {
	};
	objectVersion = 48;
	objects = {

/* Begin PBXBuildFile section */
		E583A4BE1FC65DD000EB1280 /* AppDelegate.swift in Sources */ = {isa = PBXBuildFile; fileRef = E583A4BD1FC65DD000EB1280 /* AppDelegate.swift */; };
		E583A4C01FC65DD000EB1280 /* ViewController.swift in Sources */ = {isa = PBXBuildFile; fileRef = E583A4BF1FC65DD000EB1280 /* ViewController.swift */; };
		E583A4C31FC65DD000EB1280 /* Main.storyboard in Resources */ = {isa = PBXBuildFile; fileRef = E583A4C11FC65DD000EB1280 /* Main.storyboard */; };
		E583A4C51FC65DD000EB1280 /* Assets.xcassets in Resources */ = {isa = PBXBuildFile; fileRef = E583A4C41FC65DD000EB1280 /* Assets.xcassets */; };
		E583A4C81FC65DD000EB1280 /* LaunchScreen.storyboard in Resources */ = {isa = PBXBuildFile; fileRef = E583A4C61FC65DD000EB1280 /* LaunchScreen.storyboard */; };
		E583A4D01FC65DF200EB1280 /* EA.txt in Resources */ = {isa = PBXBuildFile; fileRef = E583A4CF1FC65DF100EB1280 /* EA.txt */; };
		E583A4D21FC6716F00EB1280 /* UIImage+Gif.swift in Sources */ = {isa = PBXBuildFile; fileRef = E583A4D11FC6716F00EB1280 /* UIImage+Gif.swift */; };
		E583A4D41FC6722D00EB1280 /* fuck_you.gif in Resources */ = {isa = PBXBuildFile; fileRef = E583A4D31FC6722D00EB1280 /* fuck_you.gif */; };
		E583A4D61FC679F700EB1280 /* SAConfettiView.swift in Sources */ = {isa = PBXBuildFile; fileRef = E583A4D51FC679F700EB1280 /* SAConfettiView.swift */; };
		E583A4DC1FC67DA100EB1280 /* confetti.png in Resources */ = {isa = PBXBuildFile; fileRef = E583A4D81FC67DA100EB1280 /* confetti.png */; };
		E583A4DD1FC67DA100EB1280 /* diamond.png in Resources */ = {isa = PBXBuildFile; fileRef = E583A4D91FC67DA100EB1280 /* diamond.png */; };
		E583A4DE1FC67DA100EB1280 /* triangle.png in Resources */ = {isa = PBXBuildFile; fileRef = E583A4DA1FC67DA100EB1280 /* triangle.png */; };
		E583A4DF1FC67DA100EB1280 /* star.png in Resources */ = {isa = PBXBuildFile; fileRef = E583A4DB1FC67DA100EB1280 /* star.png */; };
/* End PBXBuildFile section */

/* Begin PBXFileReference section */
		E583A4BA1FC65DD000EB1280 /* EA-Simulator.app */ = {isa = PBXFileReference; explicitFileType = wrapper.application; includeInIndex = 0; path = "EA-Simulator.app"; sourceTree = BUILT_PRODUCTS_DIR; };
		E583A4BD1FC65DD000EB1280 /* AppDelegate.swift */ = {isa = PBXFileReference; lastKnownFileType = sourcecode.swift; path = AppDelegate.swift; sourceTree = "<group>"; };
		E583A4BF1FC65DD000EB1280 /* ViewController.swift */ = {isa = PBXFileReference; lastKnownFileType = sourcecode.swift; path = ViewController.swift; sourceTree = "<group>"; };
		E583A4C21FC65DD000EB1280 /* Base */ = {isa = PBXFileReference; lastKnownFileType = file.storyboard; name = Base; path = Base.lproj/Main.storyboard; sourceTree = "<group>"; };
		E583A4C41FC65DD000EB1280 /* Assets.xcassets */ = {isa = PBXFileReference; lastKnownFileType = folder.assetcatalog; path = Assets.xcassets; sourceTree = "<group>"; };
		E583A4C71FC65DD000EB1280 /* Base */ = {isa = PBXFileReference; lastKnownFileType = file.storyboard; name = Base; path = Base.lproj/LaunchScreen.storyboard; sourceTree = "<group>"; };
		E583A4C91FC65DD000EB1280 /* Info.plist */ = {isa = PBXFileReference; lastKnownFileType = text.plist.xml; path = Info.plist; sourceTree = "<group>"; };
		E583A4CF1FC65DF100EB1280 /* EA.txt */ = {isa = PBXFileReference; fileEncoding = 4; lastKnownFileType = text; path = EA.txt; sourceTree = "<group>"; };
		E583A4D11FC6716F00EB1280 /* UIImage+Gif.swift */ = {isa = PBXFileReference; fileEncoding = 4; lastKnownFileType = sourcecode.swift; path = "UIImage+Gif.swift"; sourceTree = "<group>"; };
		E583A4D31FC6722D00EB1280 /* fuck_you.gif */ = {isa = PBXFileReference; lastKnownFileType = image.gif; path = fuck_you.gif; sourceTree = "<group>"; };
		E583A4D51FC679F700EB1280 /* SAConfettiView.swift */ = {isa = PBXFileReference; fileEncoding = 4; lastKnownFileType = sourcecode.swift; path = SAConfettiView.swift; sourceTree = "<group>"; };
		E583A4D81FC67DA100EB1280 /* confetti.png */ = {isa = PBXFileReference; lastKnownFileType = image.png; path = confetti.png; sourceTree = "<group>"; };
		E583A4D91FC67DA100EB1280 /* diamond.png */ = {isa = PBXFileReference; lastKnownFileType = image.png; path = diamond.png; sourceTree = "<group>"; };
		E583A4DA1FC67DA100EB1280 /* triangle.png */ = {isa = PBXFileReference; lastKnownFileType = image.png; path = triangle.png; sourceTree = "<group>"; };
		E583A4DB1FC67DA100EB1280 /* star.png */ = {isa = PBXFileReference; lastKnownFileType = image.png; path = star.png; sourceTree = "<group>"; };
/* End PBXFileReference section */

/* Begin PBXFrameworksBuildPhase section */
		E583A4B71FC65DD000EB1280 /* Frameworks */ = {
			isa = PBXFrameworksBuildPhase;
			buildActionMask = 2147483647;
			files = (
			);
			runOnlyForDeploymentPostprocessing = 0;
		};
/* End PBXFrameworksBuildPhase section */

/* Begin PBXGroup section */
		E583A4B11FC65DD000EB1280 = {
			isa = PBXGroup;
			children = (
				E583A4BC1FC65DD000EB1280 /* EA-Simulator */,
				E583A4BB1FC65DD000EB1280 /* Products */,
			);
			sourceTree = "<group>";
		};
		E583A4BB1FC65DD000EB1280 /* Products */ = {
			isa = PBXGroup;
			children = (
				E583A4BA1FC65DD000EB1280 /* EA-Simulator.app */,
			);
			name = Products;
			sourceTree = "<group>";
		};
		E583A4BC1FC65DD000EB1280 /* EA-Simulator */ = {
			isa = PBXGroup;
			children = (
				E583A4BD1FC65DD000EB1280 /* AppDelegate.swift */,
				E583A4BF1FC65DD000EB1280 /* ViewController.swift */,
				E583A4C11FC65DD000EB1280 /* Main.storyboard */,
				E583A4C41FC65DD000EB1280 /* Assets.xcassets */,
				E583A4C61FC65DD000EB1280 /* LaunchScreen.storyboard */,
				E583A4C91FC65DD000EB1280 /* Info.plist */,
				E583A4CF1FC65DF100EB1280 /* EA.txt */,
				E583A4D11FC6716F00EB1280 /* UIImage+Gif.swift */,
				E583A4D51FC679F700EB1280 /* SAConfettiView.swift */,
				E583A4D81FC67DA100EB1280 /* confetti.png */,
				E583A4D91FC67DA100EB1280 /* diamond.png */,
				E583A4DB1FC67DA100EB1280 /* star.png */,
				E583A4DA1FC67DA100EB1280 /* triangle.png */,
				E583A4D31FC6722D00EB1280 /* fuck_you.gif */,
			);
			path = "EA-Simulator";
			sourceTree = "<group>";
		};
/* End PBXGroup section */

/* Begin PBXNativeTarget section */
		E583A4B91FC65DD000EB1280 /* EA-Simulator */ = {
			isa = PBXNativeTarget;
			buildConfigurationList = E583A4CC1FC65DD000EB1280 /* Build configuration list for PBXNativeTarget "EA-Simulator" */;
			buildPhases = (
				E583A4B61FC65DD000EB1280 /* Sources */,
				E583A4B71FC65DD000EB1280 /* Frameworks */,
				E583A4B81FC65DD000EB1280 /* Resources */,
			);
			buildRules = (
			);
			dependencies = (
			);
			name = "EA-Simulator";
			productName = "EA-Simulator";
			productReference = E583A4BA1FC65DD000EB1280 /* EA-Simulator.app */;
			productType = "com.apple.product-type.application";
		};
/* End PBXNativeTarget section */

/* Begin PBXProject section */
		E583A4B21FC65DD000EB1280 /* Project object */ = {
			isa = PBXProject;
			attributes = {
				LastSwiftUpdateCheck = 0910;
				LastUpgradeCheck = 0910;
				ORGANIZATIONNAME = "Kyle Johnson";
				TargetAttributes = {
					E583A4B91FC65DD000EB1280 = {
						CreatedOnToolsVersion = 9.1;
						ProvisioningStyle = Automatic;
					};
				};
			};
			buildConfigurationList = E583A4B51FC65DD000EB1280 /* Build configuration list for PBXProject "EA-Simulator" */;
			compatibilityVersion = "Xcode 8.0";
			developmentRegion = en;
			hasScannedForEncodings = 0;
			knownRegions = (
				en,
				Base,
			);
			mainGroup = E583A4B11FC65DD000EB1280;
			productRefGroup = E583A4BB1FC65DD000EB1280 /* Products */;
			projectDirPath = "";
			projectRoot = "";
			targets = (
				E583A4B91FC65DD000EB1280 /* EA-Simulator */,
			);
		};
/* End PBXProject section */

/* Begin PBXResourcesBuildPhase section */
		E583A4B81FC65DD000EB1280 /* Resources */ = {
			isa = PBXResourcesBuildPhase;
			buildActionMask = 2147483647;
			files = (
				E583A4D41FC6722D00EB1280 /* fuck_you.gif in Resources */,
				E583A4C81FC65DD000EB1280 /* LaunchScreen.storyboard in Resources */,
				E583A4DF1FC67DA100EB1280 /* star.png in Resources */,
				E583A4C51FC65DD000EB1280 /* Assets.xcassets in Resources */,
				E583A4D01FC65DF200EB1280 /* EA.txt in Resources */,
				E583A4DD1FC67DA100EB1280 /* diamond.png in Resources */,
				E583A4DE1FC67DA100EB1280 /* triangle.png in Resources */,
				E583A4C31FC65DD000EB1280 /* Main.storyboard in Resources */,
				E583A4DC1FC67DA100EB1280 /* confetti.png in Resources */,
			);
			runOnlyForDeploymentPostprocessing = 0;
		};
/* End PBXResourcesBuildPhase section */

/* Begin PBXSourcesBuildPhase section */
		E583A4B61FC65DD000EB1280 /* Sources */ = {
			isa = PBXSourcesBuildPhase;
			buildActionMask = 2147483647;
			files = (
				E583A4D21FC6716F00EB1280 /* UIImage+Gif.swift in Sources */,
				E583A4C01FC65DD000EB1280 /* ViewController.swift in Sources */,
				E583A4D61FC679F700EB1280 /* SAConfettiView.swift in Sources */,
				E583A4BE1FC65DD000EB1280 /* AppDelegate.swift in Sources */,
			);
			runOnlyForDeploymentPostprocessing = 0;
		};
/* End PBXSourcesBuildPhase section */

/* Begin PBXVariantGroup section */
		E583A4C11FC65DD000EB1280 /* Main.storyboard */ = {
			isa = PBXVariantGroup;
			children = (
				E583A4C21FC65DD000EB1280 /* Base */,
			);
			name = Main.storyboard;
			sourceTree = "<group>";
		};
		E583A4C61FC65DD000EB1280 /* LaunchScreen.storyboard */ = {
			isa = PBXVariantGroup;
			children = (
				E583A4C71FC65DD000EB1280 /* Base */,
			);
			name = LaunchScreen.storyboard;
			sourceTree = "<group>";
		};
/* End PBXVariantGroup section */

/* Begin XCBuildConfiguration section */
		E583A4CA1FC65DD000EB1280 /* Debug */ = {
			isa = XCBuildConfiguration;
			buildSettings = {
				ALWAYS_SEARCH_USER_PATHS = NO;
				CLANG_ANALYZER_NONNULL = YES;
				CLANG_ANALYZER_NUMBER_OBJECT_CONVERSION = YES_AGGRESSIVE;
				CLANG_CXX_LANGUAGE_STANDARD = "gnu++14";
				CLANG_CXX_LIBRARY = "libc++";
				CLANG_ENABLE_MODULES = YES;
				CLANG_ENABLE_OBJC_ARC = YES;
				CLANG_WARN_BLOCK_CAPTURE_AUTORELEASING = YES;
				CLANG_WARN_BOOL_CONVERSION = YES;
				CLANG_WARN_COMMA = YES;
				CLANG_WARN_CONSTANT_CONVERSION = YES;
				CLANG_WARN_DIRECT_OBJC_ISA_USAGE = YES_ERROR;
				CLANG_WARN_DOCUMENTATION_COMMENTS = YES;
				CLANG_WARN_EMPTY_BODY = YES;
				CLANG_WARN_ENUM_CONVERSION = YES;
				CLANG_WARN_INFINITE_RECURSION = YES;
				CLANG_WARN_INT_CONVERSION = YES;
				CLANG_WARN_NON_LITERAL_NULL_CONVERSION = YES;
				CLANG_WARN_OBJC_LITERAL_CONVERSION = YES;
				CLANG_WARN_OBJC_ROOT_CLASS = YES_ERROR;
				CLANG_WARN_RANGE_LOOP_ANALYSIS = YES;
				CLANG_WARN_STRICT_PROTOTYPES = YES;
				CLANG_WARN_SUSPICIOUS_MOVE = YES;
				CLANG_WARN_UNGUARDED_AVAILABILITY = YES_AGGRESSIVE;
				CLANG_WARN_UNREACHABLE_CODE = YES;
				CLANG_WARN__DUPLICATE_METHOD_MATCH = YES;
				CODE_SIGN_IDENTITY = "iPhone Developer";
				COPY_PHASE_STRIP = NO;
				DEBUG_INFORMATION_FORMAT = dwarf;
				ENABLE_STRICT_OBJC_MSGSEND = YES;
				ENABLE_TESTABILITY = YES;
				GCC_C_LANGUAGE_STANDARD = gnu11;
				GCC_DYNAMIC_NO_PIC = NO;
				GCC_NO_COMMON_BLOCKS = YES;
				GCC_OPTIMIZATION_LEVEL = 0;
				GCC_PREPROCESSOR_DEFINITIONS = (
					"DEBUG=1",
					"$(inherited)",
				);
				GCC_WARN_64_TO_32_BIT_CONVERSION = YES;
				GCC_WARN_ABOUT_RETURN_TYPE = YES_ERROR;
				GCC_WARN_UNDECLARED_SELECTOR = YES;
				GCC_WARN_UNINITIALIZED_AUTOS = YES_AGGRESSIVE;
				GCC_WARN_UNUSED_FUNCTION = YES;
				GCC_WARN_UNUSED_VARIABLE = YES;
				IPHONEOS_DEPLOYMENT_TARGET = 11.1;
				MTL_ENABLE_DEBUG_INFO = YES;
				ONLY_ACTIVE_ARCH = YES;
				SDKROOT = iphoneos;
				SWIFT_ACTIVE_COMPILATION_CONDITIONS = DEBUG;
				SWIFT_OPTIMIZATION_LEVEL = "-Onone";
			};
			name = Debug;
		};
		E583A4CB1FC65DD000EB1280 /* Release */ = {
			isa = XCBuildConfiguration;
			buildSettings = {
				ALWAYS_SEARCH_USER_PATHS = NO;
				CLANG_ANALYZER_NONNULL = YES;
				CLANG_ANALYZER_NUMBER_OBJECT_CONVERSION = YES_AGGRESSIVE;
				CLANG_CXX_LANGUAGE_STANDARD = "gnu++14";
				CLANG_CXX_LIBRARY = "libc++";
				CLANG_ENABLE_MODULES = YES;
				CLANG_ENABLE_OBJC_ARC = YES;
				CLANG_WARN_BLOCK_CAPTURE_AUTORELEASING = YES;
				CLANG_WARN_BOOL_CONVERSION = YES;
				CLANG_WARN_COMMA = YES;
				CLANG_WARN_CONSTANT_CONVERSION = YES;
				CLANG_WARN_DIRECT_OBJC_ISA_USAGE = YES_ERROR;
				CLANG_WARN_DOCUMENTATION_COMMENTS = YES;
				CLANG_WARN_EMPTY_BODY = YES;
				CLANG_WARN_ENUM_CONVERSION = YES;
				CLANG_WARN_INFINITE_RECURSION = YES;
				CLANG_WARN_INT_CONVERSION = YES;
				CLANG_WARN_NON_LITERAL_NULL_CONVERSION = YES;
				CLANG_WARN_OBJC_LITERAL_CONVERSION = YES;
				CLANG_WARN_OBJC_ROOT_CLASS = YES_ERROR;
				CLANG_WARN_RANGE_LOOP_ANALYSIS = YES;
				CLANG_WARN_STRICT_PROTOTYPES = YES;
				CLANG_WARN_SUSPICIOUS_MOVE = YES;
				CLANG_WARN_UNGUARDED_AVAILABILITY = YES_AGGRESSIVE;
				CLANG_WARN_UNREACHABLE_CODE = YES;
				CLANG_WARN__DUPLICATE_METHOD_MATCH = YES;
				CODE_SIGN_IDENTITY = "iPhone Developer";
				COPY_PHASE_STRIP = NO;
				DEBUG_INFORMATION_FORMAT = "dwarf-with-dsym";
				ENABLE_NS_ASSERTIONS = NO;
				ENABLE_STRICT_OBJC_MSGSEND = YES;
				GCC_C_LANGUAGE_STANDARD = gnu11;
				GCC_NO_COMMON_BLOCKS = YES;
				GCC_WARN_64_TO_32_BIT_CONVERSION = YES;
				GCC_WARN_ABOUT_RETURN_TYPE = YES_ERROR;
				GCC_WARN_UNDECLARED_SELECTOR = YES;
				GCC_WARN_UNINITIALIZED_AUTOS = YES_AGGRESSIVE;
				GCC_WARN_UNUSED_FUNCTION = YES;
				GCC_WARN_UNUSED_VARIABLE = YES;
				IPHONEOS_DEPLOYMENT_TARGET = 11.1;
				MTL_ENABLE_DEBUG_INFO = NO;
				SDKROOT = iphoneos;
				SWIFT_OPTIMIZATION_LEVEL = "-Owholemodule";
				VALIDATE_PRODUCT = YES;
			};
			name = Release;
		};
		E583A4CD1FC65DD000EB1280 /* Debug */ = {
			isa = XCBuildConfiguration;
			buildSettings = {
				ASSETCATALOG_COMPILER_APPICON_NAME = "AppIcon-1";
				CODE_SIGN_STYLE = Automatic;
				DEVELOPMENT_TEAM = "";
				INFOPLIST_FILE = "EA-Simulator/Info.plist";
				LD_RUNPATH_SEARCH_PATHS = "$(inherited) @executable_path/Frameworks";
				PRODUCT_BUNDLE_IDENTIFIER = "com.kjapps.EA-Simulator";
				PRODUCT_NAME = "$(TARGET_NAME)";
				SWIFT_VERSION = 4.0;
				TARGETED_DEVICE_FAMILY = "1,2";
			};
			name = Debug;
		};
		E583A4CE1FC65DD000EB1280 /* Release */ = {
			isa = XCBuildConfiguration;
			buildSettings = {
				ASSETCATALOG_COMPILER_APPICON_NAME = "AppIcon-1";
				CODE_SIGN_STYLE = Automatic;
				DEVELOPMENT_TEAM = "";
				INFOPLIST_FILE = "EA-Simulator/Info.plist";
				LD_RUNPATH_SEARCH_PATHS = "$(inherited) @executable_path/Frameworks";
				PRODUCT_BUNDLE_IDENTIFIER = "com.kjapps.EA-Simulator";
				PRODUCT_NAME = "$(TARGET_NAME)";
				SWIFT_VERSION = 4.0;
				TARGETED_DEVICE_FAMILY = "1,2";
			};
			name = Release;
		};
/* End XCBuildConfiguration section */

/* Begin XCConfigurationList section */
		E583A4B51FC65DD000EB1280 /* Build configuration list for PBXProject "EA-Simulator" */ = {
			isa = XCConfigurationList;
			buildConfigurations = (
				E583A4CA1FC65DD000EB1280 /* Debug */,
				E583A4CB1FC65DD000EB1280 /* Release */,
			);
			defaultConfigurationIsVisible = 0;
			defaultConfigurationName = Release;
		};
		E583A4CC1FC65DD000EB1280 /* Build configuration list for PBXNativeTarget "EA-Simulator" */ = {
			isa = XCConfigurationList;
			buildConfigurations = (
				E583A4CD1FC65DD000EB1280 /* Debug */,
				E583A4CE1FC65DD000EB1280 /* Release */,
			);
			defaultConfigurationIsVisible = 0;
			defaultConfigurationName = Release;
		};
/* End XCConfigurationList section */
	};
	rootObject = E583A4B21FC65DD000EB1280 /* Project object */;
}
